// !$*UTF8*$!
{
	archiveVersion = 1;
	classes = {
	};
	objectVersion = 51;
	objects = {

/* Begin PBXBuildFile section */
		2E665825DF6E401EF2ABC5CB /* Pods_AppStoreDemo.framework in Frameworks */ = {isa = PBXBuildFile; fileRef = 5E43858C25A6B603B1B5B08C /* Pods_AppStoreDemo.framework */; };
		3906AB872442632B0032C263 /* BaseTabBarController.swift in Sources */ = {isa = PBXBuildFile; fileRef = 3906AB862442632B0032C263 /* BaseTabBarController.swift */; };
		3906AB89244374920032C263 /* SearchCollectionViewController.swift in Sources */ = {isa = PBXBuildFile; fileRef = 3906AB88244374920032C263 /* SearchCollectionViewController.swift */; };
		3906AB91244394B70032C263 /* SearchResultCollectionViewCell.swift in Sources */ = {isa = PBXBuildFile; fileRef = 3906AB90244394B70032C263 /* SearchResultCollectionViewCell.swift */; };
		3906AB9A2443E86D0032C263 /* SearchResults.swift in Sources */ = {isa = PBXBuildFile; fileRef = 3906AB992443E86D0032C263 /* SearchResults.swift */; };
		3906AB9E2445233D0032C263 /* ServiceClient.swift in Sources */ = {isa = PBXBuildFile; fileRef = 3906AB9D2445233D0032C263 /* ServiceClient.swift */; };
		393FC0F7244005BF002E038B /* AppDelegate.swift in Sources */ = {isa = PBXBuildFile; fileRef = 393FC0F6244005BF002E038B /* AppDelegate.swift */; };
		393FC0F9244005BF002E038B /* SceneDelegate.swift in Sources */ = {isa = PBXBuildFile; fileRef = 393FC0F8244005BF002E038B /* SceneDelegate.swift */; };
		393FC100244005C3002E038B /* Assets.xcassets in Resources */ = {isa = PBXBuildFile; fileRef = 393FC0FF244005C3002E038B /* Assets.xcassets */; };
		396F7DFB2456113200B98F63 /* SnappingCollectionViewFlowLayout.swift in Sources */ = {isa = PBXBuildFile; fileRef = 396F7DFA2456113200B98F63 /* SnappingCollectionViewFlowLayout.swift */; };
		396F7DFF245629E300B98F63 /* AppsDetailCollectionViewController.swift in Sources */ = {isa = PBXBuildFile; fileRef = 396F7DFE245629E300B98F63 /* AppsDetailCollectionViewController.swift */; };
		39EA7E7D2449454D004D1E20 /* AppsCollectionViewController.swift in Sources */ = {isa = PBXBuildFile; fileRef = 39EA7E7C2449454D004D1E20 /* AppsCollectionViewController.swift */; };
		39EA7E7F2449498B004D1E20 /* AppsGroupCollectionViewCell.swift in Sources */ = {isa = PBXBuildFile; fileRef = 39EA7E7E2449498B004D1E20 /* AppsGroupCollectionViewCell.swift */; };
		39EA7E8224494D47004D1E20 /* UILabels+Helpers.swift in Sources */ = {isa = PBXBuildFile; fileRef = 39EA7E8124494D47004D1E20 /* UILabels+Helpers.swift */; };
		39EA7E8424495124004D1E20 /* AppsHorizontalCollectionViewController.swift in Sources */ = {isa = PBXBuildFile; fileRef = 39EA7E8324495124004D1E20 /* AppsHorizontalCollectionViewController.swift */; };
		39EA7E86244B801E004D1E20 /* AppsRowCollectionViewCell.swift in Sources */ = {isa = PBXBuildFile; fileRef = 39EA7E85244B801E004D1E20 /* AppsRowCollectionViewCell.swift */; };
		39EA7E8C244BB092004D1E20 /* AppsHeaderReusableView.swift in Sources */ = {isa = PBXBuildFile; fileRef = 39EA7E8B244BB092004D1E20 /* AppsHeaderReusableView.swift */; };
		39EA7E8E244BB5A4004D1E20 /* AppsHeaderHorizontalCollectionViewController.swift in Sources */ = {isa = PBXBuildFile; fileRef = 39EA7E8D244BB5A4004D1E20 /* AppsHeaderHorizontalCollectionViewController.swift */; };
		39EA7E92244BC2F2004D1E20 /* AppsHeaderCollectionViewCell.swift in Sources */ = {isa = PBXBuildFile; fileRef = 39EA7E91244BC2F2004D1E20 /* AppsHeaderCollectionViewCell.swift */; };
		39EA7E97244CD46F004D1E20 /* FeedGroup.swift in Sources */ = {isa = PBXBuildFile; fileRef = 39EA7E96244CD46F004D1E20 /* FeedGroup.swift */; };
		39EA7E99244D0A05004D1E20 /* SocialApp.swift in Sources */ = {isa = PBXBuildFile; fileRef = 39EA7E98244D0A05004D1E20 /* SocialApp.swift */; };
		E13CDA922465FFE40099D1CC /* TodayCollectionViewController.swift in Sources */ = {isa = PBXBuildFile; fileRef = E13CDA912465FFE40099D1CC /* TodayCollectionViewController.swift */; };
		E13CDA95246604100099D1CC /* TodayCollectionViewCell.swift in Sources */ = {isa = PBXBuildFile; fileRef = E13CDA94246604100099D1CC /* TodayCollectionViewCell.swift */; };
		E13CDAB324677A590099D1CC /* (null) in Embed Frameworks */ = {isa = PBXBuildFile; settings = {ATTRIBUTES = (CodeSignOnCopy, RemoveHeadersOnCopy, ); }; };
		E13CDAB62469B4290099D1CC /* AppFullScreenTableViewController.swift in Sources */ = {isa = PBXBuildFile; fileRef = E13CDAB52469B4290099D1CC /* AppFullScreenTableViewController.swift */; };
		E13CDABD2469BF340099D1CC /* AppFulScreenTableViewCell.swift in Sources */ = {isa = PBXBuildFile; fileRef = E13CDABC2469BF340099D1CC /* AppFulScreenTableViewCell.swift */; };
		E13CDABF2469EFC20099D1CC /* AppFullScreenHeaderTableViewCell.swift in Sources */ = {isa = PBXBuildFile; fileRef = E13CDABE2469EFC20099D1CC /* AppFullScreenHeaderTableViewCell.swift */; };
		E13CDAC1246B14FE0099D1CC /* TodayItem.swift in Sources */ = {isa = PBXBuildFile; fileRef = E13CDAC0246B14FE0099D1CC /* TodayItem.swift */; };
		E13CDAC3246C9BF10099D1CC /* TodayMultipleAppsCollectionViewCell.swift in Sources */ = {isa = PBXBuildFile; fileRef = E13CDAC2246C9BF10099D1CC /* TodayMultipleAppsCollectionViewCell.swift */; };
		E13CDAC5246CC84B0099D1CC /* TodayMultipleAppsCollectionViewController.swift in Sources */ = {isa = PBXBuildFile; fileRef = E13CDAC4246CC84B0099D1CC /* TodayMultipleAppsCollectionViewController.swift */; };
		E13CDAC7246CCA4C0099D1CC /* TopGrossingAppsCollectionViewCell.swift in Sources */ = {isa = PBXBuildFile; fileRef = E13CDAC6246CCA4C0099D1CC /* TopGrossingAppsCollectionViewCell.swift */; };
		E15176C424632F81000A254D /* AppsDetailCollectionViewCell.swift in Sources */ = {isa = PBXBuildFile; fileRef = E15176C324632F81000A254D /* AppsDetailCollectionViewCell.swift */; };
		E15176C6246462E9000A254D /* AppsDetailPreviewCollectionViewCell.swift in Sources */ = {isa = PBXBuildFile; fileRef = E15176C5246462E9000A254D /* AppsDetailPreviewCollectionViewCell.swift */; };
		E15176C824646B0E000A254D /* AppsDetailPreviewCollectionViewController.swift in Sources */ = {isa = PBXBuildFile; fileRef = E15176C724646B0E000A254D /* AppsDetailPreviewCollectionViewController.swift */; };
		E15176CA24647F9B000A254D /* AppsDetailPreviewScreensCollectionViewCell.swift in Sources */ = {isa = PBXBuildFile; fileRef = E15176C924647F9B000A254D /* AppsDetailPreviewScreensCollectionViewCell.swift */; };
		E15176CC2464BC26000A254D /* AppsDetailReviewsCollectionViewCell.swift in Sources */ = {isa = PBXBuildFile; fileRef = E15176CB2464BC26000A254D /* AppsDetailReviewsCollectionViewCell.swift */; };
		E15176CE2464C37B000A254D /* AppsDetailReviewsCollectionViewController.swift in Sources */ = {isa = PBXBuildFile; fileRef = E15176CD2464C37B000A254D /* AppsDetailReviewsCollectionViewController.swift */; };
		E15176D52464CB3C000A254D /* AppsDetailReviewsAndRatingsCollectionViewCell.swift in Sources */ = {isa = PBXBuildFile; fileRef = E15176D42464CB3C000A254D /* AppsDetailReviewsAndRatingsCollectionViewCell.swift */; };
		E15176D72465B5C5000A254D /* Reviews.swift in Sources */ = {isa = PBXBuildFile; fileRef = E15176D62465B5C5000A254D /* Reviews.swift */; };
/* End PBXBuildFile section */

/* Begin PBXCopyFilesBuildPhase section */
		E13CDAB424677A590099D1CC /* Embed Frameworks */ = {
			isa = PBXCopyFilesBuildPhase;
			buildActionMask = 2147483647;
			dstPath = "";
			dstSubfolderSpec = 10;
			files = (
				E13CDAB324677A590099D1CC /* (null) in Embed Frameworks */,
			);
			name = "Embed Frameworks";
			runOnlyForDeploymentPostprocessing = 0;
		};
/* End PBXCopyFilesBuildPhase section */

/* Begin PBXFileReference section */
		03E853A8B49C410AA7CAF26D /* Pods-AppStoreDemo.debug.xcconfig */ = {isa = PBXFileReference; includeInIndex = 1; lastKnownFileType = text.xcconfig; name = "Pods-AppStoreDemo.debug.xcconfig"; path = "Target Support Files/Pods-AppStoreDemo/Pods-AppStoreDemo.debug.xcconfig"; sourceTree = "<group>"; };
		3906AB862442632B0032C263 /* BaseTabBarController.swift */ = {isa = PBXFileReference; lastKnownFileType = sourcecode.swift; path = BaseTabBarController.swift; sourceTree = "<group>"; };
		3906AB88244374920032C263 /* SearchCollectionViewController.swift */ = {isa = PBXFileReference; lastKnownFileType = sourcecode.swift; path = SearchCollectionViewController.swift; sourceTree = "<group>"; };
		3906AB90244394B70032C263 /* SearchResultCollectionViewCell.swift */ = {isa = PBXFileReference; lastKnownFileType = sourcecode.swift; path = SearchResultCollectionViewCell.swift; sourceTree = "<group>"; };
		3906AB992443E86D0032C263 /* SearchResults.swift */ = {isa = PBXFileReference; lastKnownFileType = sourcecode.swift; path = SearchResults.swift; sourceTree = "<group>"; };
		3906AB9D2445233D0032C263 /* ServiceClient.swift */ = {isa = PBXFileReference; lastKnownFileType = sourcecode.swift; path = ServiceClient.swift; sourceTree = "<group>"; };
		393FC0F3244005BF002E038B /* AppStoreDemo.app */ = {isa = PBXFileReference; explicitFileType = wrapper.application; includeInIndex = 0; path = AppStoreDemo.app; sourceTree = BUILT_PRODUCTS_DIR; };
		393FC0F6244005BF002E038B /* AppDelegate.swift */ = {isa = PBXFileReference; lastKnownFileType = sourcecode.swift; path = AppDelegate.swift; sourceTree = "<group>"; };
		393FC0F8244005BF002E038B /* SceneDelegate.swift */ = {isa = PBXFileReference; lastKnownFileType = sourcecode.swift; path = SceneDelegate.swift; sourceTree = "<group>"; };
		393FC0FF244005C3002E038B /* Assets.xcassets */ = {isa = PBXFileReference; lastKnownFileType = folder.assetcatalog; path = Assets.xcassets; sourceTree = "<group>"; };
		393FC104244005C3002E038B /* Info.plist */ = {isa = PBXFileReference; lastKnownFileType = text.plist.xml; path = Info.plist; sourceTree = "<group>"; };
		396F7DFA2456113200B98F63 /* SnappingCollectionViewFlowLayout.swift */ = {isa = PBXFileReference; lastKnownFileType = sourcecode.swift; path = SnappingCollectionViewFlowLayout.swift; sourceTree = "<group>"; };
		396F7DFE245629E300B98F63 /* AppsDetailCollectionViewController.swift */ = {isa = PBXFileReference; lastKnownFileType = sourcecode.swift; path = AppsDetailCollectionViewController.swift; sourceTree = "<group>"; };
		39EA7E7C2449454D004D1E20 /* AppsCollectionViewController.swift */ = {isa = PBXFileReference; lastKnownFileType = sourcecode.swift; path = AppsCollectionViewController.swift; sourceTree = "<group>"; };
		39EA7E7E2449498B004D1E20 /* AppsGroupCollectionViewCell.swift */ = {isa = PBXFileReference; lastKnownFileType = sourcecode.swift; path = AppsGroupCollectionViewCell.swift; sourceTree = "<group>"; };
		39EA7E8124494D47004D1E20 /* UILabels+Helpers.swift */ = {isa = PBXFileReference; lastKnownFileType = sourcecode.swift; path = "UILabels+Helpers.swift"; sourceTree = "<group>"; };
		39EA7E8324495124004D1E20 /* AppsHorizontalCollectionViewController.swift */ = {isa = PBXFileReference; lastKnownFileType = sourcecode.swift; path = AppsHorizontalCollectionViewController.swift; sourceTree = "<group>"; };
		39EA7E85244B801E004D1E20 /* AppsRowCollectionViewCell.swift */ = {isa = PBXFileReference; lastKnownFileType = sourcecode.swift; path = AppsRowCollectionViewCell.swift; sourceTree = "<group>"; };
		39EA7E8B244BB092004D1E20 /* AppsHeaderReusableView.swift */ = {isa = PBXFileReference; lastKnownFileType = sourcecode.swift; path = AppsHeaderReusableView.swift; sourceTree = "<group>"; };
		39EA7E8D244BB5A4004D1E20 /* AppsHeaderHorizontalCollectionViewController.swift */ = {isa = PBXFileReference; lastKnownFileType = sourcecode.swift; path = AppsHeaderHorizontalCollectionViewController.swift; sourceTree = "<group>"; };
		39EA7E91244BC2F2004D1E20 /* AppsHeaderCollectionViewCell.swift */ = {isa = PBXFileReference; lastKnownFileType = sourcecode.swift; path = AppsHeaderCollectionViewCell.swift; sourceTree = "<group>"; };
		39EA7E96244CD46F004D1E20 /* FeedGroup.swift */ = {isa = PBXFileReference; lastKnownFileType = sourcecode.swift; path = FeedGroup.swift; sourceTree = "<group>"; };
		39EA7E98244D0A05004D1E20 /* SocialApp.swift */ = {isa = PBXFileReference; lastKnownFileType = sourcecode.swift; path = SocialApp.swift; sourceTree = "<group>"; };
		5E43858C25A6B603B1B5B08C /* Pods_AppStoreDemo.framework */ = {isa = PBXFileReference; explicitFileType = wrapper.framework; includeInIndex = 0; path = Pods_AppStoreDemo.framework; sourceTree = BUILT_PRODUCTS_DIR; };
		8088F777889397CAC87E47BC /* Pods-AppStoreDemo.release.xcconfig */ = {isa = PBXFileReference; includeInIndex = 1; lastKnownFileType = text.xcconfig; name = "Pods-AppStoreDemo.release.xcconfig"; path = "Target Support Files/Pods-AppStoreDemo/Pods-AppStoreDemo.release.xcconfig"; sourceTree = "<group>"; };
		E13CDA912465FFE40099D1CC /* TodayCollectionViewController.swift */ = {isa = PBXFileReference; lastKnownFileType = sourcecode.swift; path = TodayCollectionViewController.swift; sourceTree = "<group>"; };
		E13CDA94246604100099D1CC /* TodayCollectionViewCell.swift */ = {isa = PBXFileReference; lastKnownFileType = sourcecode.swift; path = TodayCollectionViewCell.swift; sourceTree = "<group>"; };
		E13CDA9C246774DB0099D1CC /* SDWebImage.framework */ = {isa = PBXFileReference; explicitFileType = wrapper.framework; path = SDWebImage.framework; sourceTree = BUILT_PRODUCTS_DIR; };
		E13CDAA1246775470099D1CC /* SDWebImage.framework */ = {isa = PBXFileReference; explicitFileType = wrapper.framework; path = SDWebImage.framework; sourceTree = BUILT_PRODUCTS_DIR; };
		E13CDAA2246775470099D1CC /* SnapKit.framework */ = {isa = PBXFileReference; explicitFileType = wrapper.framework; path = SnapKit.framework; sourceTree = BUILT_PRODUCTS_DIR; };
		E13CDAAA246778920099D1CC /* SDWebImage.framework */ = {isa = PBXFileReference; explicitFileType = wrapper.framework; path = SDWebImage.framework; sourceTree = BUILT_PRODUCTS_DIR; };
		E13CDAAE246778E80099D1CC /* SDWebImage.framework */ = {isa = PBXFileReference; explicitFileType = wrapper.framework; path = SDWebImage.framework; sourceTree = BUILT_PRODUCTS_DIR; };
		E13CDAB52469B4290099D1CC /* AppFullScreenTableViewController.swift */ = {isa = PBXFileReference; lastKnownFileType = sourcecode.swift; path = AppFullScreenTableViewController.swift; sourceTree = "<group>"; };
		E13CDABC2469BF340099D1CC /* AppFulScreenTableViewCell.swift */ = {isa = PBXFileReference; lastKnownFileType = sourcecode.swift; path = AppFulScreenTableViewCell.swift; sourceTree = "<group>"; };
		E13CDABE2469EFC20099D1CC /* AppFullScreenHeaderTableViewCell.swift */ = {isa = PBXFileReference; lastKnownFileType = sourcecode.swift; path = AppFullScreenHeaderTableViewCell.swift; sourceTree = "<group>"; };
		E13CDAC0246B14FE0099D1CC /* TodayItem.swift */ = {isa = PBXFileReference; lastKnownFileType = sourcecode.swift; path = TodayItem.swift; sourceTree = "<group>"; };
		E13CDAC2246C9BF10099D1CC /* TodayMultipleAppsCollectionViewCell.swift */ = {isa = PBXFileReference; lastKnownFileType = sourcecode.swift; path = TodayMultipleAppsCollectionViewCell.swift; sourceTree = "<group>"; };
		E13CDAC4246CC84B0099D1CC /* TodayMultipleAppsCollectionViewController.swift */ = {isa = PBXFileReference; lastKnownFileType = sourcecode.swift; path = TodayMultipleAppsCollectionViewController.swift; sourceTree = "<group>"; };
		E13CDAC6246CCA4C0099D1CC /* TopGrossingAppsCollectionViewCell.swift */ = {isa = PBXFileReference; lastKnownFileType = sourcecode.swift; path = TopGrossingAppsCollectionViewCell.swift; sourceTree = "<group>"; };
		E15176C324632F81000A254D /* AppsDetailCollectionViewCell.swift */ = {isa = PBXFileReference; lastKnownFileType = sourcecode.swift; path = AppsDetailCollectionViewCell.swift; sourceTree = "<group>"; };
		E15176C5246462E9000A254D /* AppsDetailPreviewCollectionViewCell.swift */ = {isa = PBXFileReference; lastKnownFileType = sourcecode.swift; path = AppsDetailPreviewCollectionViewCell.swift; sourceTree = "<group>"; };
		E15176C724646B0E000A254D /* AppsDetailPreviewCollectionViewController.swift */ = {isa = PBXFileReference; lastKnownFileType = sourcecode.swift; path = AppsDetailPreviewCollectionViewController.swift; sourceTree = "<group>"; };
		E15176C924647F9B000A254D /* AppsDetailPreviewScreensCollectionViewCell.swift */ = {isa = PBXFileReference; lastKnownFileType = sourcecode.swift; path = AppsDetailPreviewScreensCollectionViewCell.swift; sourceTree = "<group>"; };
		E15176CB2464BC26000A254D /* AppsDetailReviewsCollectionViewCell.swift */ = {isa = PBXFileReference; lastKnownFileType = sourcecode.swift; path = AppsDetailReviewsCollectionViewCell.swift; sourceTree = "<group>"; };
		E15176CD2464C37B000A254D /* AppsDetailReviewsCollectionViewController.swift */ = {isa = PBXFileReference; lastKnownFileType = sourcecode.swift; path = AppsDetailReviewsCollectionViewController.swift; sourceTree = "<group>"; };
		E15176D42464CB3C000A254D /* AppsDetailReviewsAndRatingsCollectionViewCell.swift */ = {isa = PBXFileReference; lastKnownFileType = sourcecode.swift; path = AppsDetailReviewsAndRatingsCollectionViewCell.swift; sourceTree = "<group>"; };
		E15176D62465B5C5000A254D /* Reviews.swift */ = {isa = PBXFileReference; lastKnownFileType = sourcecode.swift; path = Reviews.swift; sourceTree = "<group>"; };
/* End PBXFileReference section */

/* Begin PBXFrameworksBuildPhase section */
		393FC0F0244005BF002E038B /* Frameworks */ = {
			isa = PBXFrameworksBuildPhase;
			buildActionMask = 2147483647;
			files = (
				2E665825DF6E401EF2ABC5CB /* Pods_AppStoreDemo.framework in Frameworks */,
			);
			runOnlyForDeploymentPostprocessing = 0;
		};
/* End PBXFrameworksBuildPhase section */

/* Begin PBXGroup section */
		3906AB8A244374C80032C263 /* AppDelegate */ = {
			isa = PBXGroup;
			children = (
				393FC0F6244005BF002E038B /* AppDelegate.swift */,
			);
			path = AppDelegate;
			sourceTree = "<group>";
		};
		3906AB8B244374D90032C263 /* SceneDelegate */ = {
			isa = PBXGroup;
			children = (
				393FC0F8244005BF002E038B /* SceneDelegate.swift */,
			);
			path = SceneDelegate;
			sourceTree = "<group>";
		};
		3906AB8F244394840032C263 /* Modules */ = {
			isa = PBXGroup;
			children = (
				E13CDA902465FF550099D1CC /* Today */,
				39EA7E7B244944F6004D1E20 /* Apps */,
				3906AB932443A0150032C263 /* Search */,
			);
			path = Modules;
			sourceTree = "<group>";
		};
		3906AB9224439FB50032C263 /* Root TabBar Controller */ = {
			isa = PBXGroup;
			children = (
				3906AB862442632B0032C263 /* BaseTabBarController.swift */,
			);
			path = "Root TabBar Controller";
			sourceTree = "<group>";
		};
		3906AB932443A0150032C263 /* Search */ = {
			isa = PBXGroup;
			children = (
				3906AB88244374920032C263 /* SearchCollectionViewController.swift */,
				39EA7E95244BCE95004D1E20 /* Collection View Cells */,
			);
			path = Search;
			sourceTree = "<group>";
		};
		3906AB952443A1D50032C263 /* Assets */ = {
			isa = PBXGroup;
			children = (
				393FC0FF244005C3002E038B /* Assets.xcassets */,
			);
			path = Assets;
			sourceTree = "<group>";
		};
		3906AB962443A1EB0032C263 /* Resources */ = {
			isa = PBXGroup;
			children = (
				3906AB952443A1D50032C263 /* Assets */,
			);
			path = Resources;
			sourceTree = "<group>";
		};
		3906AB972443A21F0032C263 /* Supporting Files */ = {
			isa = PBXGroup;
			children = (
				393FC104244005C3002E038B /* Info.plist */,
			);
			path = "Supporting Files";
			sourceTree = "<group>";
		};
		3906AB982443E8510032C263 /* Models */ = {
			isa = PBXGroup;
			children = (
				3906AB992443E86D0032C263 /* SearchResults.swift */,
				39EA7E96244CD46F004D1E20 /* FeedGroup.swift */,
				E15176D62465B5C5000A254D /* Reviews.swift */,
				39EA7E98244D0A05004D1E20 /* SocialApp.swift */,
				E13CDAC0246B14FE0099D1CC /* TodayItem.swift */,
			);
			path = Models;
			sourceTree = "<group>";
		};
		3906AB9B244522D10032C263 /* Networking */ = {
			isa = PBXGroup;
			children = (
				3906AB9C244522F20032C263 /* API Client */,
			);
			path = Networking;
			sourceTree = "<group>";
		};
		3906AB9C244522F20032C263 /* API Client */ = {
			isa = PBXGroup;
			children = (
				3906AB9D2445233D0032C263 /* ServiceClient.swift */,
			);
			path = "API Client";
			sourceTree = "<group>";
		};
		393FC0EA244005BF002E038B = {
			isa = PBXGroup;
			children = (
				393FC0F5244005BF002E038B /* AppStoreDemo */,
				393FC0F4244005BF002E038B /* Products */,
				897B34B8E1C5B3B55AD0F1AB /* Pods */,
				4C4F143D5EBB4E0E48C01860 /* Frameworks */,
			);
			sourceTree = "<group>";
		};
		393FC0F4244005BF002E038B /* Products */ = {
			isa = PBXGroup;
			children = (
				393FC0F3244005BF002E038B /* AppStoreDemo.app */,
			);
			name = Products;
			sourceTree = "<group>";
		};
		393FC0F5244005BF002E038B /* AppStoreDemo */ = {
			isa = PBXGroup;
			children = (
				3906AB8A244374C80032C263 /* AppDelegate */,
				3906AB8B244374D90032C263 /* SceneDelegate */,
				3906AB9224439FB50032C263 /* Root TabBar Controller */,
				3906AB9B244522D10032C263 /* Networking */,
				3906AB982443E8510032C263 /* Models */,
				3906AB8F244394840032C263 /* Modules */,
				396F7DFC2456215300B98F63 /* Helpers */,
				39EA7E8024494D20004D1E20 /* Extensions */,
				3906AB962443A1EB0032C263 /* Resources */,
				3906AB972443A21F0032C263 /* Supporting Files */,
			);
			path = AppStoreDemo;
			sourceTree = "<group>";
		};
		396F7DFC2456215300B98F63 /* Helpers */ = {
			isa = PBXGroup;
			children = (
				396F7DFA2456113200B98F63 /* SnappingCollectionViewFlowLayout.swift */,
			);
			path = Helpers;
			sourceTree = "<group>";
		};
		396F7DFD2456297E00B98F63 /* Apps Detail Controller */ = {
			isa = PBXGroup;
			children = (
				396F7DFE245629E300B98F63 /* AppsDetailCollectionViewController.swift */,
				E15176C224632F2A000A254D /* Collection View Cells */,
				E15176CF2464C7C9000A254D /* Apps Detail Preview Controller */,
				E15176D22464C850000A254D /* Apps Detail Reviews Controller */,
			);
			path = "Apps Detail Controller";
			sourceTree = "<group>";
		};
		39EA7E7B244944F6004D1E20 /* Apps */ = {
			isa = PBXGroup;
			children = (
				39EA7E7C2449454D004D1E20 /* AppsCollectionViewController.swift */,
				39EA7E8324495124004D1E20 /* AppsHorizontalCollectionViewController.swift */,
				39EA7E8D244BB5A4004D1E20 /* AppsHeaderHorizontalCollectionViewController.swift */,
				39EA7E8F244BBA4A004D1E20 /* Collection View Cells */,
				39EA7E90244BBA95004D1E20 /* Collection View Supplementary Views */,
				396F7DFD2456297E00B98F63 /* Apps Detail Controller */,
			);
			path = Apps;
			sourceTree = "<group>";
		};
		39EA7E8024494D20004D1E20 /* Extensions */ = {
			isa = PBXGroup;
			children = (
				39EA7E8124494D47004D1E20 /* UILabels+Helpers.swift */,
			);
			path = Extensions;
			sourceTree = "<group>";
		};
		39EA7E8F244BBA4A004D1E20 /* Collection View Cells */ = {
			isa = PBXGroup;
			children = (
				39EA7E85244B801E004D1E20 /* AppsRowCollectionViewCell.swift */,
				39EA7E7E2449498B004D1E20 /* AppsGroupCollectionViewCell.swift */,
			);
			path = "Collection View Cells";
			sourceTree = "<group>";
		};
		39EA7E90244BBA95004D1E20 /* Collection View Supplementary Views */ = {
			isa = PBXGroup;
			children = (
				39EA7E8B244BB092004D1E20 /* AppsHeaderReusableView.swift */,
				39EA7E91244BC2F2004D1E20 /* AppsHeaderCollectionViewCell.swift */,
			);
			path = "Collection View Supplementary Views";
			sourceTree = "<group>";
		};
		39EA7E95244BCE95004D1E20 /* Collection View Cells */ = {
			isa = PBXGroup;
			children = (
				3906AB90244394B70032C263 /* SearchResultCollectionViewCell.swift */,
			);
			path = "Collection View Cells";
			sourceTree = "<group>";
		};
		4C4F143D5EBB4E0E48C01860 /* Frameworks */ = {
			isa = PBXGroup;
			children = (
				E13CDAAE246778E80099D1CC /* SDWebImage.framework */,
				E13CDAAA246778920099D1CC /* SDWebImage.framework */,
				E13CDAA1246775470099D1CC /* SDWebImage.framework */,
				E13CDAA2246775470099D1CC /* SnapKit.framework */,
				E13CDA9C246774DB0099D1CC /* SDWebImage.framework */,
				5E43858C25A6B603B1B5B08C /* Pods_AppStoreDemo.framework */,
			);
			name = Frameworks;
			sourceTree = "<group>";
		};
		897B34B8E1C5B3B55AD0F1AB /* Pods */ = {
			isa = PBXGroup;
			children = (
				03E853A8B49C410AA7CAF26D /* Pods-AppStoreDemo.debug.xcconfig */,
				8088F777889397CAC87E47BC /* Pods-AppStoreDemo.release.xcconfig */,
			);
			path = Pods;
			sourceTree = "<group>";
		};
		E13CDA902465FF550099D1CC /* Today */ = {
			isa = PBXGroup;
			children = (
				E13CDA912465FFE40099D1CC /* TodayCollectionViewController.swift */,
				E13CDAB52469B4290099D1CC /* AppFullScreenTableViewController.swift */,
				E13CDAC4246CC84B0099D1CC /* TodayMultipleAppsCollectionViewController.swift */,
				E13CDA93246602230099D1CC /* Collection View Cells */,
				E13CDABB2469BEFD0099D1CC /* Table View Cells */,
			);
			path = Today;
			sourceTree = "<group>";
		};
		E13CDA93246602230099D1CC /* Collection View Cells */ = {
			isa = PBXGroup;
			children = (
				E13CDA94246604100099D1CC /* TodayCollectionViewCell.swift */,
				E13CDAC2246C9BF10099D1CC /* TodayMultipleAppsCollectionViewCell.swift */,
				E13CDAC6246CCA4C0099D1CC /* TopGrossingAppsCollectionViewCell.swift */,
			);
			path = "Collection View Cells";
			sourceTree = "<group>";
		};
		E13CDABB2469BEFD0099D1CC /* Table View Cells */ = {
			isa = PBXGroup;
			children = (
				E13CDABC2469BF340099D1CC /* AppFulScreenTableViewCell.swift */,
				E13CDABE2469EFC20099D1CC /* AppFullScreenHeaderTableViewCell.swift */,
			);
			path = "Table View Cells";
			sourceTree = "<group>";
		};
		E15176C224632F2A000A254D /* Collection View Cells */ = {
			isa = PBXGroup;
			children = (
				E15176C324632F81000A254D /* AppsDetailCollectionViewCell.swift */,
			);
			path = "Collection View Cells";
			sourceTree = "<group>";
		};
		E15176CF2464C7C9000A254D /* Apps Detail Preview Controller */ = {
			isa = PBXGroup;
			children = (
				E15176C724646B0E000A254D /* AppsDetailPreviewCollectionViewController.swift */,
				E15176D02464C802000A254D /* Collection View Cell */,
			);
			path = "Apps Detail Preview Controller";
			sourceTree = "<group>";
		};
		E15176D02464C802000A254D /* Collection View Cell */ = {
			isa = PBXGroup;
			children = (
				E15176C5246462E9000A254D /* AppsDetailPreviewCollectionViewCell.swift */,
				E15176C924647F9B000A254D /* AppsDetailPreviewScreensCollectionViewCell.swift */,
			);
			path = "Collection View Cell";
			sourceTree = "<group>";
		};
		E15176D22464C850000A254D /* Apps Detail Reviews Controller */ = {
			isa = PBXGroup;
			children = (
				E15176CD2464C37B000A254D /* AppsDetailReviewsCollectionViewController.swift */,
				E15176D32464C86E000A254D /* Collection View Cells */,
			);
			path = "Apps Detail Reviews Controller";
			sourceTree = "<group>";
		};
		E15176D32464C86E000A254D /* Collection View Cells */ = {
			isa = PBXGroup;
			children = (
				E15176CB2464BC26000A254D /* AppsDetailReviewsCollectionViewCell.swift */,
				E15176D42464CB3C000A254D /* AppsDetailReviewsAndRatingsCollectionViewCell.swift */,
			);
			path = "Collection View Cells";
			sourceTree = "<group>";
		};
/* End PBXGroup section */

/* Begin PBXNativeTarget section */
		393FC0F2244005BF002E038B /* AppStoreDemo */ = {
			isa = PBXNativeTarget;
			buildConfigurationList = 393FC107244005C3002E038B /* Build configuration list for PBXNativeTarget "AppStoreDemo" */;
			buildPhases = (
				5ADEAD8D12FEAEA36EC8AD9C /* [CP] Check Pods Manifest.lock */,
				393FC0EF244005BF002E038B /* Sources */,
				393FC0F0244005BF002E038B /* Frameworks */,
				393FC0F1244005BF002E038B /* Resources */,
				E13CDAB424677A590099D1CC /* Embed Frameworks */,
				0FF56C2E0CB30BFEA1A8D38D /* [CP] Embed Pods Frameworks */,
			);
			buildRules = (
			);
			dependencies = (
			);
			name = AppStoreDemo;
			productName = AppStoreDemo;
			productReference = 393FC0F3244005BF002E038B /* AppStoreDemo.app */;
			productType = "com.apple.product-type.application";
		};
/* End PBXNativeTarget section */

/* Begin PBXProject section */
		393FC0EB244005BF002E038B /* Project object */ = {
			isa = PBXProject;
			attributes = {
				LastSwiftUpdateCheck = 1120;
				LastUpgradeCheck = 1120;
				ORGANIZATIONNAME = "Dennis Vera";
				TargetAttributes = {
					393FC0F2244005BF002E038B = {
						CreatedOnToolsVersion = 11.2.1;
					};
				};
			};
			buildConfigurationList = 393FC0EE244005BF002E038B /* Build configuration list for PBXProject "AppStoreDemo" */;
			compatibilityVersion = "Xcode 9.3";
			developmentRegion = en;
			hasScannedForEncodings = 0;
			knownRegions = (
				en,
				Base,
			);
			mainGroup = 393FC0EA244005BF002E038B;
			productRefGroup = 393FC0F4244005BF002E038B /* Products */;
			projectDirPath = "";
			projectRoot = "";
			targets = (
				393FC0F2244005BF002E038B /* AppStoreDemo */,
			);
		};
/* End PBXProject section */

/* Begin PBXResourcesBuildPhase section */
		393FC0F1244005BF002E038B /* Resources */ = {
			isa = PBXResourcesBuildPhase;
			buildActionMask = 2147483647;
			files = (
				393FC100244005C3002E038B /* Assets.xcassets in Resources */,
			);
			runOnlyForDeploymentPostprocessing = 0;
		};
/* End PBXResourcesBuildPhase section */

/* Begin PBXShellScriptBuildPhase section */
		0FF56C2E0CB30BFEA1A8D38D /* [CP] Embed Pods Frameworks */ = {
			isa = PBXShellScriptBuildPhase;
			buildActionMask = 2147483647;
			files = (
			);
			inputFileListPaths = (
				"${PODS_ROOT}/Target Support Files/Pods-AppStoreDemo/Pods-AppStoreDemo-frameworks-${CONFIGURATION}-input-files.xcfilelist",
			);
			name = "[CP] Embed Pods Frameworks";
			outputFileListPaths = (
				"${PODS_ROOT}/Target Support Files/Pods-AppStoreDemo/Pods-AppStoreDemo-frameworks-${CONFIGURATION}-output-files.xcfilelist",
			);
			runOnlyForDeploymentPostprocessing = 0;
			shellPath = /bin/sh;
			shellScript = "\"${PODS_ROOT}/Target Support Files/Pods-AppStoreDemo/Pods-AppStoreDemo-frameworks.sh\"\n";
			showEnvVarsInLog = 0;
		};
		5ADEAD8D12FEAEA36EC8AD9C /* [CP] Check Pods Manifest.lock */ = {
			isa = PBXShellScriptBuildPhase;
			buildActionMask = 2147483647;
			files = (
			);
			inputFileListPaths = (
			);
			inputPaths = (
				"${PODS_PODFILE_DIR_PATH}/Podfile.lock",
				"${PODS_ROOT}/Manifest.lock",
			);
			name = "[CP] Check Pods Manifest.lock";
			outputFileListPaths = (
			);
			outputPaths = (
				"$(DERIVED_FILE_DIR)/Pods-AppStoreDemo-checkManifestLockResult.txt",
			);
			runOnlyForDeploymentPostprocessing = 0;
			shellPath = /bin/sh;
			shellScript = "diff \"${PODS_PODFILE_DIR_PATH}/Podfile.lock\" \"${PODS_ROOT}/Manifest.lock\" > /dev/null\nif [ $? != 0 ] ; then\n    # print error to STDERR\n    echo \"error: The sandbox is not in sync with the Podfile.lock. Run 'pod install' or update your CocoaPods installation.\" >&2\n    exit 1\nfi\n# This output is used by Xcode 'outputs' to avoid re-running this script phase.\necho \"SUCCESS\" > \"${SCRIPT_OUTPUT_FILE_0}\"\n";
			showEnvVarsInLog = 0;
		};
/* End PBXShellScriptBuildPhase section */

/* Begin PBXSourcesBuildPhase section */
		393FC0EF244005BF002E038B /* Sources */ = {
			isa = PBXSourcesBuildPhase;
			buildActionMask = 2147483647;
			files = (
				3906AB872442632B0032C263 /* BaseTabBarController.swift in Sources */,
				E13CDABF2469EFC20099D1CC /* AppFullScreenHeaderTableViewCell.swift in Sources */,
				3906AB91244394B70032C263 /* SearchResultCollectionViewCell.swift in Sources */,
				39EA7E97244CD46F004D1E20 /* FeedGroup.swift in Sources */,
				E15176C424632F81000A254D /* AppsDetailCollectionViewCell.swift in Sources */,
				E15176D52464CB3C000A254D /* AppsDetailReviewsAndRatingsCollectionViewCell.swift in Sources */,
				E13CDAC3246C9BF10099D1CC /* TodayMultipleAppsCollectionViewCell.swift in Sources */,
				39EA7E7F2449498B004D1E20 /* AppsGroupCollectionViewCell.swift in Sources */,
				E13CDA922465FFE40099D1CC /* TodayCollectionViewController.swift in Sources */,
				E15176D72465B5C5000A254D /* Reviews.swift in Sources */,
				393FC0F7244005BF002E038B /* AppDelegate.swift in Sources */,
				396F7DFF245629E300B98F63 /* AppsDetailCollectionViewController.swift in Sources */,
				39EA7E99244D0A05004D1E20 /* SocialApp.swift in Sources */,
				E13CDAC1246B14FE0099D1CC /* TodayItem.swift in Sources */,
				3906AB9E2445233D0032C263 /* ServiceClient.swift in Sources */,
				39EA7E7D2449454D004D1E20 /* AppsCollectionViewController.swift in Sources */,
				E15176C6246462E9000A254D /* AppsDetailPreviewCollectionViewCell.swift in Sources */,
				E15176CE2464C37B000A254D /* AppsDetailReviewsCollectionViewController.swift in Sources */,
				3906AB89244374920032C263 /* SearchCollectionViewController.swift in Sources */,
				393FC0F9244005BF002E038B /* SceneDelegate.swift in Sources */,
				396F7DFB2456113200B98F63 /* SnappingCollectionViewFlowLayout.swift in Sources */,
				E13CDAB62469B4290099D1CC /* AppFullScreenTableViewController.swift in Sources */,
				39EA7E86244B801E004D1E20 /* AppsRowCollectionViewCell.swift in Sources */,
				E13CDABD2469BF340099D1CC /* AppFulScreenTableViewCell.swift in Sources */,
				E15176CC2464BC26000A254D /* AppsDetailReviewsCollectionViewCell.swift in Sources */,
				39EA7E92244BC2F2004D1E20 /* AppsHeaderCollectionViewCell.swift in Sources */,
				E13CDA95246604100099D1CC /* TodayCollectionViewCell.swift in Sources */,
				E15176C824646B0E000A254D /* AppsDetailPreviewCollectionViewController.swift in Sources */,
				39EA7E8224494D47004D1E20 /* UILabels+Helpers.swift in Sources */,
				39EA7E8E244BB5A4004D1E20 /* AppsHeaderHorizontalCollectionViewController.swift in Sources */,
				E13CDAC7246CCA4C0099D1CC /* TopGrossingAppsCollectionViewCell.swift in Sources */,
				39EA7E8C244BB092004D1E20 /* AppsHeaderReusableView.swift in Sources */,
				E13CDAC5246CC84B0099D1CC /* TodayMultipleAppsCollectionViewController.swift in Sources */,
				E15176CA24647F9B000A254D /* AppsDetailPreviewScreensCollectionViewCell.swift in Sources */,
				3906AB9A2443E86D0032C263 /* SearchResults.swift in Sources */,
				39EA7E8424495124004D1E20 /* AppsHorizontalCollectionViewController.swift in Sources */,
			);
			runOnlyForDeploymentPostprocessing = 0;
		};
/* End PBXSourcesBuildPhase section */

/* Begin XCBuildConfiguration section */
		393FC105244005C3002E038B /* Debug */ = {
			isa = XCBuildConfiguration;
			buildSettings = {
				ALWAYS_SEARCH_USER_PATHS = NO;
				CLANG_ANALYZER_NONNULL = YES;
				CLANG_ANALYZER_NUMBER_OBJECT_CONVERSION = YES_AGGRESSIVE;
				CLANG_CXX_LANGUAGE_STANDARD = "gnu++14";
				CLANG_CXX_LIBRARY = "libc++";
				CLANG_ENABLE_MODULES = YES;
				CLANG_ENABLE_OBJC_ARC = YES;
				CLANG_ENABLE_OBJC_WEAK = YES;
				CLANG_WARN_BLOCK_CAPTURE_AUTORELEASING = YES;
				CLANG_WARN_BOOL_CONVERSION = YES;
				CLANG_WARN_COMMA = YES;
				CLANG_WARN_CONSTANT_CONVERSION = YES;
				CLANG_WARN_DEPRECATED_OBJC_IMPLEMENTATIONS = YES;
				CLANG_WARN_DIRECT_OBJC_ISA_USAGE = YES_ERROR;
				CLANG_WARN_DOCUMENTATION_COMMENTS = YES;
				CLANG_WARN_EMPTY_BODY = YES;
				CLANG_WARN_ENUM_CONVERSION = YES;
				CLANG_WARN_INFINITE_RECURSION = YES;
				CLANG_WARN_INT_CONVERSION = YES;
				CLANG_WARN_NON_LITERAL_NULL_CONVERSION = YES;
				CLANG_WARN_OBJC_IMPLICIT_RETAIN_SELF = YES;
				CLANG_WARN_OBJC_LITERAL_CONVERSION = YES;
				CLANG_WARN_OBJC_ROOT_CLASS = YES_ERROR;
				CLANG_WARN_RANGE_LOOP_ANALYSIS = YES;
				CLANG_WARN_STRICT_PROTOTYPES = YES;
				CLANG_WARN_SUSPICIOUS_MOVE = YES;
				CLANG_WARN_UNGUARDED_AVAILABILITY = YES_AGGRESSIVE;
				CLANG_WARN_UNREACHABLE_CODE = YES;
				CLANG_WARN__DUPLICATE_METHOD_MATCH = YES;
				COPY_PHASE_STRIP = NO;
				DEBUG_INFORMATION_FORMAT = dwarf;
				ENABLE_STRICT_OBJC_MSGSEND = YES;
				ENABLE_TESTABILITY = YES;
				GCC_C_LANGUAGE_STANDARD = gnu11;
				GCC_DYNAMIC_NO_PIC = NO;
				GCC_NO_COMMON_BLOCKS = YES;
				GCC_OPTIMIZATION_LEVEL = 0;
				GCC_PREPROCESSOR_DEFINITIONS = (
					"DEBUG=1",
					"$(inherited)",
				);
				GCC_WARN_64_TO_32_BIT_CONVERSION = YES;
				GCC_WARN_ABOUT_RETURN_TYPE = YES_ERROR;
				GCC_WARN_UNDECLARED_SELECTOR = YES;
				GCC_WARN_UNINITIALIZED_AUTOS = YES_AGGRESSIVE;
				GCC_WARN_UNUSED_FUNCTION = YES;
				GCC_WARN_UNUSED_VARIABLE = YES;
				IPHONEOS_DEPLOYMENT_TARGET = 13.2;
				MTL_ENABLE_DEBUG_INFO = INCLUDE_SOURCE;
				MTL_FAST_MATH = YES;
				ONLY_ACTIVE_ARCH = YES;
				SDKROOT = iphoneos;
				SWIFT_ACTIVE_COMPILATION_CONDITIONS = DEBUG;
				SWIFT_OPTIMIZATION_LEVEL = "-Onone";
			};
			name = Debug;
		};
		393FC106244005C3002E038B /* Release */ = {
			isa = XCBuildConfiguration;
			buildSettings = {
				ALWAYS_SEARCH_USER_PATHS = NO;
				CLANG_ANALYZER_NONNULL = YES;
				CLANG_ANALYZER_NUMBER_OBJECT_CONVERSION = YES_AGGRESSIVE;
				CLANG_CXX_LANGUAGE_STANDARD = "gnu++14";
				CLANG_CXX_LIBRARY = "libc++";
				CLANG_ENABLE_MODULES = YES;
				CLANG_ENABLE_OBJC_ARC = YES;
				CLANG_ENABLE_OBJC_WEAK = YES;
				CLANG_WARN_BLOCK_CAPTURE_AUTORELEASING = YES;
				CLANG_WARN_BOOL_CONVERSION = YES;
				CLANG_WARN_COMMA = YES;
				CLANG_WARN_CONSTANT_CONVERSION = YES;
				CLANG_WARN_DEPRECATED_OBJC_IMPLEMENTATIONS = YES;
				CLANG_WARN_DIRECT_OBJC_ISA_USAGE = YES_ERROR;
				CLANG_WARN_DOCUMENTATION_COMMENTS = YES;
				CLANG_WARN_EMPTY_BODY = YES;
				CLANG_WARN_ENUM_CONVERSION = YES;
				CLANG_WARN_INFINITE_RECURSION = YES;
				CLANG_WARN_INT_CONVERSION = YES;
				CLANG_WARN_NON_LITERAL_NULL_CONVERSION = YES;
				CLANG_WARN_OBJC_IMPLICIT_RETAIN_SELF = YES;
				CLANG_WARN_OBJC_LITERAL_CONVERSION = YES;
				CLANG_WARN_OBJC_ROOT_CLASS = YES_ERROR;
				CLANG_WARN_RANGE_LOOP_ANALYSIS = YES;
				CLANG_WARN_STRICT_PROTOTYPES = YES;
				CLANG_WARN_SUSPICIOUS_MOVE = YES;
				CLANG_WARN_UNGUARDED_AVAILABILITY = YES_AGGRESSIVE;
				CLANG_WARN_UNREACHABLE_CODE = YES;
				CLANG_WARN__DUPLICATE_METHOD_MATCH = YES;
				COPY_PHASE_STRIP = NO;
				DEBUG_INFORMATION_FORMAT = "dwarf-with-dsym";
				ENABLE_NS_ASSERTIONS = NO;
				ENABLE_STRICT_OBJC_MSGSEND = YES;
				GCC_C_LANGUAGE_STANDARD = gnu11;
				GCC_NO_COMMON_BLOCKS = YES;
				GCC_WARN_64_TO_32_BIT_CONVERSION = YES;
				GCC_WARN_ABOUT_RETURN_TYPE = YES_ERROR;
				GCC_WARN_UNDECLARED_SELECTOR = YES;
				GCC_WARN_UNINITIALIZED_AUTOS = YES_AGGRESSIVE;
				GCC_WARN_UNUSED_FUNCTION = YES;
				GCC_WARN_UNUSED_VARIABLE = YES;
				IPHONEOS_DEPLOYMENT_TARGET = 13.2;
				MTL_ENABLE_DEBUG_INFO = NO;
				MTL_FAST_MATH = YES;
				SDKROOT = iphoneos;
				SWIFT_COMPILATION_MODE = wholemodule;
				SWIFT_OPTIMIZATION_LEVEL = "-O";
				VALIDATE_PRODUCT = YES;
			};
			name = Release;
		};
		393FC108244005C3002E038B /* Debug */ = {
			isa = XCBuildConfiguration;
			baseConfigurationReference = 03E853A8B49C410AA7CAF26D /* Pods-AppStoreDemo.debug.xcconfig */;
			buildSettings = {
				ASSETCATALOG_COMPILER_APPICON_NAME = AppIcon;
				CODE_SIGN_STYLE = Automatic;
				DEVELOPMENT_TEAM = B426D3XC5Q;
				INFOPLIST_FILE = "AppStoreDemo/Supporting Files/Info.plist";
				LD_RUNPATH_SEARCH_PATHS = (
					"$(inherited)",
					"@executable_path/Frameworks",
				);
				PRODUCT_BUNDLE_IDENTIFIER = com.dennis.AppStoreDemo1;
				PRODUCT_NAME = "$(TARGET_NAME)";
				SWIFT_VERSION = 5.0;
				TARGETED_DEVICE_FAMILY = "1,2";
			};
			name = Debug;
		};
		393FC109244005C3002E038B /* Release */ = {
			isa = XCBuildConfiguration;
			baseConfigurationReference = 8088F777889397CAC87E47BC /* Pods-AppStoreDemo.release.xcconfig */;
			buildSettings = {
				ASSETCATALOG_COMPILER_APPICON_NAME = AppIcon;
				CODE_SIGN_STYLE = Automatic;
				DEVELOPMENT_TEAM = B426D3XC5Q;
				INFOPLIST_FILE = "AppStoreDemo/Supporting Files/Info.plist";
				LD_RUNPATH_SEARCH_PATHS = (
					"$(inherited)",
					"@executable_path/Frameworks",
				);
				PRODUCT_BUNDLE_IDENTIFIER = com.dennis.AppStoreDemo1;
				PRODUCT_NAME = "$(TARGET_NAME)";
				SWIFT_VERSION = 5.0;
				TARGETED_DEVICE_FAMILY = "1,2";
			};
			name = Release;
		};
/* End XCBuildConfiguration section */

/* Begin XCConfigurationList section */
		393FC0EE244005BF002E038B /* Build configuration list for PBXProject "AppStoreDemo" */ = {
			isa = XCConfigurationList;
			buildConfigurations = (
				393FC105244005C3002E038B /* Debug */,
				393FC106244005C3002E038B /* Release */,
			);
			defaultConfigurationIsVisible = 0;
			defaultConfigurationName = Release;
		};
		393FC107244005C3002E038B /* Build configuration list for PBXNativeTarget "AppStoreDemo" */ = {
			isa = XCConfigurationList;
			buildConfigurations = (
				393FC108244005C3002E038B /* Debug */,
				393FC109244005C3002E038B /* Release */,
			);
			defaultConfigurationIsVisible = 0;
			defaultConfigurationName = Release;
		};
/* End XCConfigurationList section */
	};
	rootObject = 393FC0EB244005BF002E038B /* Project object */;
}
